// !$*UTF8*$!
{
	archiveVersion = 1;
	classes = {
	};
	objectVersion = 46;
	objects = {

/* Begin PBXBuildFile section */
		39D6D5BF1925554D00078AB3 /* Foundation.framework in Frameworks */ = {isa = PBXBuildFile; fileRef = 39D6D5BE1925554D00078AB3 /* Foundation.framework */; };
		39D6D5C11925554D00078AB3 /* CoreGraphics.framework in Frameworks */ = {isa = PBXBuildFile; fileRef = 39D6D5C01925554D00078AB3 /* CoreGraphics.framework */; };
		39D6D5C31925554D00078AB3 /* UIKit.framework in Frameworks */ = {isa = PBXBuildFile; fileRef = 39D6D5C21925554D00078AB3 /* UIKit.framework */; };
		39D6D5C91925554D00078AB3 /* InfoPlist.strings in Resources */ = {isa = PBXBuildFile; fileRef = 39D6D5C71925554D00078AB3 /* InfoPlist.strings */; };
		39D6D5CB1925554D00078AB3 /* main.m in Sources */ = {isa = PBXBuildFile; fileRef = 39D6D5CA1925554D00078AB3 /* main.m */; };
		39D6D5CF1925554D00078AB3 /* MSAppDelegate.m in Sources */ = {isa = PBXBuildFile; fileRef = 39D6D5CE1925554D00078AB3 /* MSAppDelegate.m */; };
		39D6D5D21925554D00078AB3 /* Main.storyboard in Resources */ = {isa = PBXBuildFile; fileRef = 39D6D5D01925554D00078AB3 /* Main.storyboard */; };
		39D6D5D51925554D00078AB3 /* MSViewController.m in Sources */ = {isa = PBXBuildFile; fileRef = 39D6D5D41925554D00078AB3 /* MSViewController.m */; };
		39D6D5D71925554D00078AB3 /* Images.xcassets in Resources */ = {isa = PBXBuildFile; fileRef = 39D6D5D61925554D00078AB3 /* Images.xcassets */; };
		39D6D5DE1925554D00078AB3 /* XCTest.framework in Frameworks */ = {isa = PBXBuildFile; fileRef = 39D6D5DD1925554D00078AB3 /* XCTest.framework */; };
		39D6D5DF1925554D00078AB3 /* Foundation.framework in Frameworks */ = {isa = PBXBuildFile; fileRef = 39D6D5BE1925554D00078AB3 /* Foundation.framework */; };
		39D6D5E01925554D00078AB3 /* UIKit.framework in Frameworks */ = {isa = PBXBuildFile; fileRef = 39D6D5C21925554D00078AB3 /* UIKit.framework */; };
		39D6D5E81925554D00078AB3 /* InfoPlist.strings in Resources */ = {isa = PBXBuildFile; fileRef = 39D6D5E61925554D00078AB3 /* InfoPlist.strings */; };
		39D6D5EA1925554D00078AB3 /* UIScrollView_Challenge_SolutionTests.m in Sources */ = {isa = PBXBuildFile; fileRef = 39D6D5E91925554D00078AB3 /* UIScrollView_Challenge_SolutionTests.m */; };
/* End PBXBuildFile section */

/* Begin PBXContainerItemProxy section */
		39D6D5E11925554D00078AB3 /* PBXContainerItemProxy */ = {
			isa = PBXContainerItemProxy;
			containerPortal = 39D6D5B31925554D00078AB3 /* Project object */;
			proxyType = 1;
			remoteGlobalIDString = 39D6D5BA1925554D00078AB3;
			remoteInfo = "UIScrollView Challenge Solution";
		};
/* End PBXContainerItemProxy section */

/* Begin PBXFileReference section */
		39D6D5BB1925554D00078AB3 /* UIScrollView Challenge Solution.app */ = {isa = PBXFileReference; explicitFileType = wrapper.application; includeInIndex = 0; path = "UIScrollView Challenge Solution.app"; sourceTree = BUILT_PRODUCTS_DIR; };
		39D6D5BE1925554D00078AB3 /* Foundation.framework */ = {isa = PBXFileReference; lastKnownFileType = wrapper.framework; name = Foundation.framework; path = System/Library/Frameworks/Foundation.framework; sourceTree = SDKROOT; };
		39D6D5C01925554D00078AB3 /* CoreGraphics.framework */ = {isa = PBXFileReference; lastKnownFileType = wrapper.framework; name = CoreGraphics.framework; path = System/Library/Frameworks/CoreGraphics.framework; sourceTree = SDKROOT; };
		39D6D5C21925554D00078AB3 /* UIKit.framework */ = {isa = PBXFileReference; lastKnownFileType = wrapper.framework; name = UIKit.framework; path = System/Library/Frameworks/UIKit.framework; sourceTree = SDKROOT; };
		39D6D5C61925554D00078AB3 /* UIScrollView Challenge Solution-Info.plist */ = {isa = PBXFileReference; lastKnownFileType = text.plist.xml; path = "UIScrollView Challenge Solution-Info.plist"; sourceTree = "<group>"; };
		39D6D5C81925554D00078AB3 /* en */ = {isa = PBXFileReference; lastKnownFileType = text.plist.strings; name = en; path = en.lproj/InfoPlist.strings; sourceTree = "<group>"; };
		39D6D5CA1925554D00078AB3 /* main.m */ = {isa = PBXFileReference; lastKnownFileType = sourcecode.c.objc; path = main.m; sourceTree = "<group>"; };
		39D6D5CC1925554D00078AB3 /* UIScrollView Challenge Solution-Prefix.pch */ = {isa = PBXFileReference; lastKnownFileType = sourcecode.c.h; path = "UIScrollView Challenge Solution-Prefix.pch"; sourceTree = "<group>"; };
		39D6D5CD1925554D00078AB3 /* MSAppDelegate.h */ = {isa = PBXFileReference; lastKnownFileType = sourcecode.c.h; path = MSAppDelegate.h; sourceTree = "<group>"; };
		39D6D5CE1925554D00078AB3 /* MSAppDelegate.m */ = {isa = PBXFileReference; lastKnownFileType = sourcecode.c.objc; path = MSAppDelegate.m; sourceTree = "<group>"; };
		39D6D5D11925554D00078AB3 /* Base */ = {isa = PBXFileReference; lastKnownFileType = file.storyboard; name = Base; path = Base.lproj/Main.storyboard; sourceTree = "<group>"; };
		39D6D5D31925554D00078AB3 /* MSViewController.h */ = {isa = PBXFileReference; lastKnownFileType = sourcecode.c.h; path = MSViewController.h; sourceTree = "<group>"; };
		39D6D5D41925554D00078AB3 /* MSViewController.m */ = {isa = PBXFileReference; lastKnownFileType = sourcecode.c.objc; path = MSViewController.m; sourceTree = "<group>"; };
		39D6D5D61925554D00078AB3 /* Images.xcassets */ = {isa = PBXFileReference; lastKnownFileType = folder.assetcatalog; path = Images.xcassets; sourceTree = "<group>"; };
		39D6D5DC1925554D00078AB3 /* UIScrollView Challenge SolutionTests.xctest */ = {isa = PBXFileReference; explicitFileType = wrapper.cfbundle; includeInIndex = 0; path = "UIScrollView Challenge SolutionTests.xctest"; sourceTree = BUILT_PRODUCTS_DIR; };
		39D6D5DD1925554D00078AB3 /* XCTest.framework */ = {isa = PBXFileReference; lastKnownFileType = wrapper.framework; name = XCTest.framework; path = Library/Frameworks/XCTest.framework; sourceTree = DEVELOPER_DIR; };
		39D6D5E51925554D00078AB3 /* UIScrollView Challenge SolutionTests-Info.plist */ = {isa = PBXFileReference; lastKnownFileType = text.plist.xml; path = "UIScrollView Challenge SolutionTests-Info.plist"; sourceTree = "<group>"; };
		39D6D5E71925554D00078AB3 /* en */ = {isa = PBXFileReference; lastKnownFileType = text.plist.strings; name = en; path = en.lproj/InfoPlist.strings; sourceTree = "<group>"; };
		39D6D5E91925554D00078AB3 /* UIScrollView_Challenge_SolutionTests.m */ = {isa = PBXFileReference; lastKnownFileType = sourcecode.c.objc; path = UIScrollView_Challenge_SolutionTests.m; sourceTree = "<group>"; };
/* End PBXFileReference section */

/* Begin PBXFrameworksBuildPhase section */
		39D6D5B81925554D00078AB3 /* Frameworks */ = {
			isa = PBXFrameworksBuildPhase;
			buildActionMask = 2147483647;
			files = (
				39D6D5C11925554D00078AB3 /* CoreGraphics.framework in Frameworks */,
				39D6D5C31925554D00078AB3 /* UIKit.framework in Frameworks */,
				39D6D5BF1925554D00078AB3 /* Foundation.framework in Frameworks */,
			);
			runOnlyForDeploymentPostprocessing = 0;
		};
		39D6D5D91925554D00078AB3 /* Frameworks */ = {
			isa = PBXFrameworksBuildPhase;
			buildActionMask = 2147483647;
			files = (
				39D6D5DE1925554D00078AB3 /* XCTest.framework in Frameworks */,
				39D6D5E01925554D00078AB3 /* UIKit.framework in Frameworks */,
				39D6D5DF1925554D00078AB3 /* Foundation.framework in Frameworks */,
			);
			runOnlyForDeploymentPostprocessing = 0;
		};
/* End PBXFrameworksBuildPhase section */

/* Begin PBXGroup section */
		39D6D5B21925554D00078AB3 = {
			isa = PBXGroup;
			children = (
				39D6D5C41925554D00078AB3 /* UIScrollView Challenge Solution */,
				39D6D5E31925554D00078AB3 /* UIScrollView Challenge SolutionTests */,
				39D6D5BD1925554D00078AB3 /* Frameworks */,
				39D6D5BC1925554D00078AB3 /* Products */,
			);
			sourceTree = "<group>";
		};
		39D6D5BC1925554D00078AB3 /* Products */ = {
			isa = PBXGroup;
			children = (
				39D6D5BB1925554D00078AB3 /* UIScrollView Challenge Solution.app */,
				39D6D5DC1925554D00078AB3 /* UIScrollView Challenge SolutionTests.xctest */,
			);
			name = Products;
			sourceTree = "<group>";
		};
		39D6D5BD1925554D00078AB3 /* Frameworks */ = {
			isa = PBXGroup;
			children = (
				39D6D5BE1925554D00078AB3 /* Foundation.framework */,
				39D6D5C01925554D00078AB3 /* CoreGraphics.framework */,
				39D6D5C21925554D00078AB3 /* UIKit.framework */,
				39D6D5DD1925554D00078AB3 /* XCTest.framework */,
			);
			name = Frameworks;
			sourceTree = "<group>";
		};
		39D6D5C41925554D00078AB3 /* UIScrollView Challenge Solution */ = {
			isa = PBXGroup;
			children = (
				39D6D5CD1925554D00078AB3 /* MSAppDelegate.h */,
				39D6D5CE1925554D00078AB3 /* MSAppDelegate.m */,
				39D6D5D01925554D00078AB3 /* Main.storyboard */,
				39D6D5D31925554D00078AB3 /* MSViewController.h */,
				39D6D5D41925554D00078AB3 /* MSViewController.m */,
				39D6D5D61925554D00078AB3 /* Images.xcassets */,
				39D6D5C51925554D00078AB3 /* Supporting Files */,
			);
			path = "UIScrollView Challenge Solution";
			sourceTree = "<group>";
		};
		39D6D5C51925554D00078AB3 /* Supporting Files */ = {
			isa = PBXGroup;
			children = (
				39D6D5C61925554D00078AB3 /* UIScrollView Challenge Solution-Info.plist */,
				39D6D5C71925554D00078AB3 /* InfoPlist.strings */,
				39D6D5CA1925554D00078AB3 /* main.m */,
				39D6D5CC1925554D00078AB3 /* UIScrollView Challenge Solution-Prefix.pch */,
			);
			name = "Supporting Files";
			sourceTree = "<group>";
		};
		39D6D5E31925554D00078AB3 /* UIScrollView Challenge SolutionTests */ = {
			isa = PBXGroup;
			children = (
				39D6D5E91925554D00078AB3 /* UIScrollView_Challenge_SolutionTests.m */,
				39D6D5E41925554D00078AB3 /* Supporting Files */,
			);
			path = "UIScrollView Challenge SolutionTests";
			sourceTree = "<group>";
		};
		39D6D5E41925554D00078AB3 /* Supporting Files */ = {
			isa = PBXGroup;
			children = (
				39D6D5E51925554D00078AB3 /* UIScrollView Challenge SolutionTests-Info.plist */,
				39D6D5E61925554D00078AB3 /* InfoPlist.strings */,
			);
			name = "Supporting Files";
			sourceTree = "<group>";
		};
/* End PBXGroup section */

/* Begin PBXNativeTarget section */
		39D6D5BA1925554D00078AB3 /* UIScrollView Challenge Solution */ = {
			isa = PBXNativeTarget;
			buildConfigurationList = 39D6D5ED1925554E00078AB3 /* Build configuration list for PBXNativeTarget "UIScrollView Challenge Solution" */;
			buildPhases = (
				39D6D5B71925554D00078AB3 /* Sources */,
				39D6D5B81925554D00078AB3 /* Frameworks */,
				39D6D5B91925554D00078AB3 /* Resources */,
			);
			buildRules = (
			);
			dependencies = (
			);
			name = "UIScrollView Challenge Solution";
			productName = "UIScrollView Challenge Solution";
			productReference = 39D6D5BB1925554D00078AB3 /* UIScrollView Challenge Solution.app */;
			productType = "com.apple.product-type.application";
		};
		39D6D5DB1925554D00078AB3 /* UIScrollView Challenge SolutionTests */ = {
			isa = PBXNativeTarget;
			buildConfigurationList = 39D6D5F01925554E00078AB3 /* Build configuration list for PBXNativeTarget "UIScrollView Challenge SolutionTests" */;
			buildPhases = (
				39D6D5D81925554D00078AB3 /* Sources */,
				39D6D5D91925554D00078AB3 /* Frameworks */,
				39D6D5DA1925554D00078AB3 /* Resources */,
			);
			buildRules = (
			);
			dependencies = (
				39D6D5E21925554D00078AB3 /* PBXTargetDependency */,
			);
			name = "UIScrollView Challenge SolutionTests";
			productName = "UIScrollView Challenge SolutionTests";
			productReference = 39D6D5DC1925554D00078AB3 /* UIScrollView Challenge SolutionTests.xctest */;
			productType = "com.apple.product-type.bundle.unit-test";
		};
/* End PBXNativeTarget section */

/* Begin PBXProject section */
		39D6D5B31925554D00078AB3 /* Project object */ = {
			isa = PBXProject;
			attributes = {
				CLASSPREFIX = MS;
				LastUpgradeCheck = 0510;
				ORGANIZATIONNAME = "Miguel Serrano";
				TargetAttributes = {
					39D6D5DB1925554D00078AB3 = {
						TestTargetID = 39D6D5BA1925554D00078AB3;
					};
				};
			};
			buildConfigurationList = 39D6D5B61925554D00078AB3 /* Build configuration list for PBXProject "UIScrollView Challenge Solution" */;
			compatibilityVersion = "Xcode 3.2";
			developmentRegion = English;
			hasScannedForEncodings = 0;
			knownRegions = (
				en,
				Base,
			);
			mainGroup = 39D6D5B21925554D00078AB3;
			productRefGroup = 39D6D5BC1925554D00078AB3 /* Products */;
			projectDirPath = "";
			projectRoot = "";
			targets = (
				39D6D5BA1925554D00078AB3 /* UIScrollView Challenge Solution */,
				39D6D5DB1925554D00078AB3 /* UIScrollView Challenge SolutionTests */,
			);
		};
/* End PBXProject section */

/* Begin PBXResourcesBuildPhase section */
		39D6D5B91925554D00078AB3 /* Resources */ = {
			isa = PBXResourcesBuildPhase;
			buildActionMask = 2147483647;
			files = (
				39D6D5D71925554D00078AB3 /* Images.xcassets in Resources */,
				39D6D5C91925554D00078AB3 /* InfoPlist.strings in Resources */,
				39D6D5D21925554D00078AB3 /* Main.storyboard in Resources */,
			);
			runOnlyForDeploymentPostprocessing = 0;
		};
		39D6D5DA1925554D00078AB3 /* Resources */ = {
			isa = PBXResourcesBuildPhase;
			buildActionMask = 2147483647;
			files = (
				39D6D5E81925554D00078AB3 /* InfoPlist.strings in Resources */,
			);
			runOnlyForDeploymentPostprocessing = 0;
		};
/* End PBXResourcesBuildPhase section */

/* Begin PBXSourcesBuildPhase section */
		39D6D5B71925554D00078AB3 /* Sources */ = {
			isa = PBXSourcesBuildPhase;
			buildActionMask = 2147483647;
			files = (
				39D6D5CF1925554D00078AB3 /* MSAppDelegate.m in Sources */,
				39D6D5D51925554D00078AB3 /* MSViewController.m in Sources */,
				39D6D5CB1925554D00078AB3 /* main.m in Sources */,
			);
			runOnlyForDeploymentPostprocessing = 0;
		};
		39D6D5D81925554D00078AB3 /* Sources */ = {
			isa = PBXSourcesBuildPhase;
			buildActionMask = 2147483647;
			files = (
				39D6D5EA1925554D00078AB3 /* UIScrollView_Challenge_SolutionTests.m in Sources */,
			);
			runOnlyForDeploymentPostprocessing = 0;
		};
/* End PBXSourcesBuildPhase section */

/* Begin PBXTargetDependency section */
		39D6D5E21925554D00078AB3 /* PBXTargetDependency */ = {
			isa = PBXTargetDependency;
			target = 39D6D5BA1925554D00078AB3 /* UIScrollView Challenge Solution */;
			targetProxy = 39D6D5E11925554D00078AB3 /* PBXContainerItemProxy */;
		};
/* End PBXTargetDependency section */

/* Begin PBXVariantGroup section */
		39D6D5C71925554D00078AB3 /* InfoPlist.strings */ = {
			isa = PBXVariantGroup;
			children = (
				39D6D5C81925554D00078AB3 /* en */,
			);
			name = InfoPlist.strings;
			sourceTree = "<group>";
		};
		39D6D5D01925554D00078AB3 /* Main.storyboard */ = {
			isa = PBXVariantGroup;
			children = (
				39D6D5D11925554D00078AB3 /* Base */,
			);
			name = Main.storyboard;
			sourceTree = "<group>";
		};
		39D6D5E61925554D00078AB3 /* InfoPlist.strings */ = {
			isa = PBXVariantGroup;
			children = (
				39D6D5E71925554D00078AB3 /* en */,
			);
			name = InfoPlist.strings;
			sourceTree = "<group>";
		};
/* End PBXVariantGroup section */

/* Begin XCBuildConfiguration section */
		39D6D5EB1925554E00078AB3 /* Debug */ = {
			isa = XCBuildConfiguration;
			buildSettings = {
				ALWAYS_SEARCH_USER_PATHS = NO;
				CLANG_CXX_LANGUAGE_STANDARD = "gnu++0x";
				CLANG_CXX_LIBRARY = "libc++";
				CLANG_ENABLE_MODULES = YES;
				CLANG_ENABLE_OBJC_ARC = YES;
				CLANG_WARN_BOOL_CONVERSION = YES;
				CLANG_WARN_CONSTANT_CONVERSION = YES;
				CLANG_WARN_DIRECT_OBJC_ISA_USAGE = YES_ERROR;
				CLANG_WARN_EMPTY_BODY = YES;
				CLANG_WARN_ENUM_CONVERSION = YES;
				CLANG_WARN_INT_CONVERSION = YES;
				CLANG_WARN_OBJC_ROOT_CLASS = YES_ERROR;
				CLANG_WARN__DUPLICATE_METHOD_MATCH = YES;
				"CODE_SIGN_IDENTITY[sdk=iphoneos*]" = "iPhone Developer";
				COPY_PHASE_STRIP = NO;
				GCC_C_LANGUAGE_STANDARD = gnu99;
				GCC_DYNAMIC_NO_PIC = NO;
				GCC_OPTIMIZATION_LEVEL = 0;
				GCC_PREPROCESSOR_DEFINITIONS = (
					"DEBUG=1",
					"$(inherited)",
				);
				GCC_SYMBOLS_PRIVATE_EXTERN = NO;
				GCC_WARN_64_TO_32_BIT_CONVERSION = YES;
				GCC_WARN_ABOUT_RETURN_TYPE = YES_ERROR;
				GCC_WARN_UNDECLARED_SELECTOR = YES;
				GCC_WARN_UNINITIALIZED_AUTOS = YES_AGGRESSIVE;
				GCC_WARN_UNUSED_FUNCTION = YES;
				GCC_WARN_UNUSED_VARIABLE = YES;
				IPHONEOS_DEPLOYMENT_TARGET = 7.1;
				ONLY_ACTIVE_ARCH = YES;
				SDKROOT = iphoneos;
			};
			name = Debug;
		};
		39D6D5EC1925554E00078AB3 /* Release */ = {
			isa = XCBuildConfiguration;
			buildSettings = {
				ALWAYS_SEARCH_USER_PATHS = NO;
				CLANG_CXX_LANGUAGE_STANDARD = "gnu++0x";
				CLANG_CXX_LIBRARY = "libc++";
				CLANG_ENABLE_MODULES = YES;
				CLANG_ENABLE_OBJC_ARC = YES;
				CLANG_WARN_BOOL_CONVERSION = YES;
				CLANG_WARN_CONSTANT_CONVERSION = YES;
				CLANG_WARN_DIRECT_OBJC_ISA_USAGE = YES_ERROR;
				CLANG_WARN_EMPTY_BODY = YES;
				CLANG_WARN_ENUM_CONVERSION = YES;
				CLANG_WARN_INT_CONVERSION = YES;
				CLANG_WARN_OBJC_ROOT_CLASS = YES_ERROR;
				CLANG_WARN__DUPLICATE_METHOD_MATCH = YES;
				"CODE_SIGN_IDENTITY[sdk=iphoneos*]" = "iPhone Developer";
				COPY_PHASE_STRIP = YES;
				ENABLE_NS_ASSERTIONS = NO;
				GCC_C_LANGUAGE_STANDARD = gnu99;
				GCC_WARN_64_TO_32_BIT_CONVERSION = YES;
				GCC_WARN_ABOUT_RETURN_TYPE = YES_ERROR;
				GCC_WARN_UNDECLARED_SELECTOR = YES;
				GCC_WARN_UNINITIALIZED_AUTOS = YES_AGGRESSIVE;
				GCC_WARN_UNUSED_FUNCTION = YES;
				GCC_WARN_UNUSED_VARIABLE = YES;
				IPHONEOS_DEPLOYMENT_TARGET = 7.1;
				SDKROOT = iphoneos;
				VALIDATE_PRODUCT = YES;
			};
			name = Release;
		};
		39D6D5EE1925554E00078AB3 /* Debug */ = {
			isa = XCBuildConfiguration;
			buildSettings = {
				ASSETCATALOG_COMPILER_APPICON_NAME = AppIcon;
				ASSETCATALOG_COMPILER_LAUNCHIMAGE_NAME = LaunchImage;
				GCC_PRECOMPILE_PREFIX_HEADER = YES;
				GCC_PREFIX_HEADER = "UIScrollView Challenge Solution/UIScrollView Challenge Solution-Prefix.pch";
				INFOPLIST_FILE = "UIScrollView Challenge Solution/UIScrollView Challenge Solution-Info.plist";
				PRODUCT_NAME = "$(TARGET_NAME)";
				WRAPPER_EXTENSION = app;
			};
			name = Debug;
		};
		39D6D5EF1925554E00078AB3 /* Release */ = {
			isa = XCBuildConfiguration;
			buildSettings = {
				ASSETCATALOG_COMPILER_APPICON_NAME = AppIcon;
				ASSETCATALOG_COMPILER_LAUNCHIMAGE_NAME = LaunchImage;
				GCC_PRECOMPILE_PREFIX_HEADER = YES;
				GCC_PREFIX_HEADER = "UIScrollView Challenge Solution/UIScrollView Challenge Solution-Prefix.pch";
				INFOPLIST_FILE = "UIScrollView Challenge Solution/UIScrollView Challenge Solution-Info.plist";
				PRODUCT_NAME = "$(TARGET_NAME)";
				WRAPPER_EXTENSION = app;
			};
			name = Release;
		};
		39D6D5F11925554E00078AB3 /* Debug */ = {
			isa = XCBuildConfiguration;
			buildSettings = {
				BUNDLE_LOADER = "$(BUILT_PRODUCTS_DIR)/UIScrollView Challenge Solution.app/UIScrollView Challenge Solution";
				FRAMEWORK_SEARCH_PATHS = (
					"$(SDKROOT)/Developer/Library/Frameworks",
					"$(inherited)",
					"$(DEVELOPER_FRAMEWORKS_DIR)",
				);
				GCC_PRECOMPILE_PREFIX_HEADER = YES;
				GCC_PREFIX_HEADER = "UIScrollView Challenge Solution/UIScrollView Challenge Solution-Prefix.pch";
				GCC_PREPROCESSOR_DEFINITIONS = (
					"DEBUG=1",
					"$(inherited)",
				);
				INFOPLIST_FILE = "UIScrollView Challenge SolutionTests/UIScrollView Challenge SolutionTests-Info.plist";
				PRODUCT_NAME = "$(TARGET_NAME)";
				TEST_HOST = "$(BUNDLE_LOADER)";
				WRAPPER_EXTENSION = xctest;
			};
			name = Debug;
		};
		39D6D5F21925554E00078AB3 /* Release */ = {
			isa = XCBuildConfiguration;
			buildSettings = {
				BUNDLE_LOADER = "$(BUILT_PRODUCTS_DIR)/UIScrollView Challenge Solution.app/UIScrollView Challenge Solution";
				FRAMEWORK_SEARCH_PATHS = (
					"$(SDKROOT)/Developer/Library/Frameworks",
					"$(inherited)",
					"$(DEVELOPER_FRAMEWORKS_DIR)",
				);
				GCC_PRECOMPILE_PREFIX_HEADER = YES;
				GCC_PREFIX_HEADER = "UIScrollView Challenge Solution/UIScrollView Challenge Solution-Prefix.pch";
				INFOPLIST_FILE = "UIScrollView Challenge SolutionTests/UIScrollView Challenge SolutionTests-Info.plist";
				PRODUCT_NAME = "$(TARGET_NAME)";
				TEST_HOST = "$(BUNDLE_LOADER)";
				WRAPPER_EXTENSION = xctest;
			};
			name = Release;
		};
/* End XCBuildConfiguration section */

/* Begin XCConfigurationList section */
		39D6D5B61925554D00078AB3 /* Build configuration list for PBXProject "UIScrollView Challenge Solution" */ = {
			isa = XCConfigurationList;
			buildConfigurations = (
				39D6D5EB1925554E00078AB3 /* Debug */,
				39D6D5EC1925554E00078AB3 /* Release */,
			);
			defaultConfigurationIsVisible = 0;
			defaultConfigurationName = Release;
		};
		39D6D5ED1925554E00078AB3 /* Build configuration list for PBXNativeTarget "UIScrollView Challenge Solution" */ = {
			isa = XCConfigurationList;
			buildConfigurations = (
				39D6D5EE1925554E00078AB3 /* Debug */,
				39D6D5EF1925554E00078AB3 /* Release */,
			);
			defaultConfigurationIsVisible = 0;
		};
		39D6D5F01925554E00078AB3 /* Build configuration list for PBXNativeTarget "UIScrollView Challenge SolutionTests" */ = {
			isa = XCConfigurationList;
			buildConfigurations = (
				39D6D5F11925554E00078AB3 /* Debug */,
				39D6D5F21925554E00078AB3 /* Release */,
			);
			defaultConfigurationIsVisible = 0;
		};
/* End XCConfigurationList section */
	};
	rootObject = 39D6D5B31925554D00078AB3 /* Project object */;
}
